
Microsoft Visual Studio Solution File, Format Version 12.00
# Visual Studio 15
VisualStudioVersion = 15.0.28307.852
MinimumVisualStudioVersion = 10.0.40219.1
Project("{9A19103F-16F7-4668-BE54-9A1E7A4F7556}") = "TCP Asynchronous Client", "TCP Asynchronous Client\TCP Asynchronous Client.csproj", "{AAD01C2F-6EFE-4E80-98AA-2D0DCCD22555}"
EndProject
Project("{FAE04EC0-301F-11D3-BF4B-00C04F79EFBC}") = "Example", "Example\Example.csproj", "{2C150295-2FDC-4388-8A11-36F30D250982}"
EndProject
Global
	GlobalSection(SolutionConfigurationPlatforms) = preSolution
		Debug|Any CPU = Debug|Any CPU
		Release|Any CPU = Release|Any CPU
	EndGlobalSection
	GlobalSection(ProjectConfigurationPlatforms) = postSolution
		{AAD01C2F-6EFE-4E80-98AA-2D0DCCD22555}.Debug|Any CPU.ActiveCfg = Debug|Any CPU
		{AAD01C2F-6EFE-4E80-98AA-2D0DCCD22555}.Debug|Any CPU.Build.0 = Debug|Any CPU
		{AAD01C2F-6EFE-4E80-98AA-2D0DCCD22555}.Release|Any CPU.ActiveCfg = Release|Any CPU
		{AAD01C2F-6EFE-4E80-98AA-2D0DCCD22555}.Release|Any CPU.Build.0 = Release|Any CPU
		{2C150295-2FDC-4388-8A11-36F30D250982}.Debug|Any CPU.ActiveCfg = Debug|Any CPU
		{2C150295-2FDC-4388-8A11-36F30D250982}.Debug|Any CPU.Build.0 = Debug|Any CPU
		{2C150295-2FDC-4388-8A11-36F30D250982}.Release|Any CPU.ActiveCfg = Release|Any CPU
		{2C150295-2FDC-4388-8A11-36F30D250982}.Release|Any CPU.Build.0 = Release|Any CPU
	EndGlobalSection
	GlobalSection(SolutionProperties) = preSolution
		HideSolutionNode = FALSE
	EndGlobalSection
	GlobalSection(ExtensibilityGlobals) = postSolution
		SolutionGuid = {192AC895-AFF3-4C64-A85F-29C0A6F8E89F}
	EndGlobalSection
EndGlobal
