
Microsoft Visual Studio Solution File, Format Version 12.00
# Visual Studio 15
VisualStudioVersion = 15.0.28307.852
MinimumVisualStudioVersion = 10.0.40219.1
Project("{FAE04EC0-301F-11D3-BF4B-00C04F79EFBC}") = "TCPAsynchronousClient Example", "TCPAsynchronousClient Example\TCPAsynchronousClient Example.csproj", "{0DF6E489-B425-4917-8B01-71D21AEA4C6F}"
EndProject
Global
	GlobalSection(SolutionConfigurationPlatforms) = preSolution
		Debug|Any CPU = Debug|Any CPU
		Release|Any CPU = Release|Any CPU
	EndGlobalSection
	GlobalSection(ProjectConfigurationPlatforms) = postSolution
		{0DF6E489-B425-4917-8B01-71D21AEA4C6F}.Debug|Any CPU.ActiveCfg = Debug|Any CPU
		{0DF6E489-B425-4917-8B01-71D21AEA4C6F}.Debug|Any CPU.Build.0 = Debug|Any CPU
		{0DF6E489-B425-4917-8B01-71D21AEA4C6F}.Release|Any CPU.ActiveCfg = Release|Any CPU
		{0DF6E489-B425-4917-8B01-71D21AEA4C6F}.Release|Any CPU.Build.0 = Release|Any CPU
	EndGlobalSection
	GlobalSection(SolutionProperties) = preSolution
		HideSolutionNode = FALSE
	EndGlobalSection
	GlobalSection(ExtensibilityGlobals) = postSolution
		SolutionGuid = {49E5914C-C232-4A4C-A14F-BA2B218CE94E}
	EndGlobalSection
EndGlobal
